
Microsoft Visual Studio Solution File, Format Version 12.00
Project("{FAE04EC0-301F-11D3-BF4B-00C04F79EFBC}") = "Shilka.Wallet.GRPC", "Shilka.Wallet.GRPC\Shilka.Wallet.GRPC.csproj", "{F4E08BE8-2126-4A24-8F38-705AE6A916A5}"
EndProject
Project("{2150E333-8FDC-42A3-9474-1A3956D46DE8}") = "Solution Items", "Solution Items", "{8FBB7303-563C-49FA-AD4E-116117A14BAE}"
	ProjectSection(SolutionItems) = preProject
		docker-compose.yml = docker-compose.yml
	EndProjectSection
EndProject
Project("{FAE04EC0-301F-11D3-BF4B-00C04F79EFBC}") = "Shilka.Wallet.Domain", "Shilka.Wallet.Domain\Shilka.Wallet.Domain.csproj", "{8F39858A-DC66-4F0D-8C52-80E97A06A821}"
EndProject
Project("{FAE04EC0-301F-11D3-BF4B-00C04F79EFBC}") = "Shilka.Wallet.Persistence", "Shilka.Wallet.Persistence\Shilka.Wallet.Persistence.csproj", "{B289995B-41C1-4F37-A584-44C1D756EC29}"
EndProject
Global
	GlobalSection(SolutionConfigurationPlatforms) = preSolution
		Debug|Any CPU = Debug|Any CPU
		Release|Any CPU = Release|Any CPU
	EndGlobalSection
	GlobalSection(ProjectConfigurationPlatforms) = postSolution
		{F4E08BE8-2126-4A24-8F38-705AE6A916A5}.Debug|Any CPU.ActiveCfg = Debug|Any CPU
		{F4E08BE8-2126-4A24-8F38-705AE6A916A5}.Debug|Any CPU.Build.0 = Debug|Any CPU
		{F4E08BE8-2126-4A24-8F38-705AE6A916A5}.Release|Any CPU.ActiveCfg = Release|Any CPU
		{F4E08BE8-2126-4A24-8F38-705AE6A916A5}.Release|Any CPU.Build.0 = Release|Any CPU
		{8F39858A-DC66-4F0D-8C52-80E97A06A821}.Debug|Any CPU.ActiveCfg = Debug|Any CPU
		{8F39858A-DC66-4F0D-8C52-80E97A06A821}.Debug|Any CPU.Build.0 = Debug|Any CPU
		{8F39858A-DC66-4F0D-8C52-80E97A06A821}.Release|Any CPU.ActiveCfg = Release|Any CPU
		{8F39858A-DC66-4F0D-8C52-80E97A06A821}.Release|Any CPU.Build.0 = Release|Any CPU
		{B289995B-41C1-4F37-A584-44C1D756EC29}.Debug|Any CPU.ActiveCfg = Debug|Any CPU
		{B289995B-41C1-4F37-A584-44C1D756EC29}.Debug|Any CPU.Build.0 = Debug|Any CPU
		{B289995B-41C1-4F37-A584-44C1D756EC29}.Release|Any CPU.ActiveCfg = Release|Any CPU
		{B289995B-41C1-4F37-A584-44C1D756EC29}.Release|Any CPU.Build.0 = Release|Any CPU
	EndGlobalSection
EndGlobal
